// !$*UTF8*$!
{
	archiveVersion = 1;
	classes = {
	};
	objectVersion = 56;
	objects = {

/* Begin PBXBuildFile section */
		52494BF0299B723C002D3B64 /* AppleWatch.swift in Sources */ = {isa = PBXBuildFile; fileRef = 52494BEF299B723C002D3B64 /* AppleWatch.swift */; };
		52494BF2299B7545002D3B64 /* SmartWatch.swift in Sources */ = {isa = PBXBuildFile; fileRef = 52494BF1299B7545002D3B64 /* SmartWatch.swift */; };
		52494BF4299B7644002D3B64 /* PixelWatch.swift in Sources */ = {isa = PBXBuildFile; fileRef = 52494BF3299B7644002D3B64 /* PixelWatch.swift */; };
		52494BF6299B7653002D3B64 /* GooglePixel.swift in Sources */ = {isa = PBXBuildFile; fileRef = 52494BF5299B7653002D3B64 /* GooglePixel.swift */; };
		52494BF8299B769E002D3B64 /* GoogleFactory.swift in Sources */ = {isa = PBXBuildFile; fileRef = 52494BF7299B769E002D3B64 /* GoogleFactory.swift */; };
		52494BFA299B956B002D3B64 /* AbstractFactoryClient.swift in Sources */ = {isa = PBXBuildFile; fileRef = 52494BF9299B956B002D3B64 /* AbstractFactoryClient.swift */; };
		5298B6872990EA29003245B0 /* main.swift in Sources */ = {isa = PBXBuildFile; fileRef = 5298B6862990EA29003245B0 /* main.swift */; };
		5298B695299112F2003245B0 /* ElectronicGadgetFactory.swift in Sources */ = {isa = PBXBuildFile; fileRef = 5298B694299112F2003245B0 /* ElectronicGadgetFactory.swift */; };
		5298B69729911379003245B0 /* AppleFactory.swift in Sources */ = {isa = PBXBuildFile; fileRef = 5298B69629911379003245B0 /* AppleFactory.swift */; };
		5298B699299113AB003245B0 /* Phone.swift in Sources */ = {isa = PBXBuildFile; fileRef = 5298B698299113AB003245B0 /* Phone.swift */; };
		5298B69B299113F5003245B0 /* iPhone.swift in Sources */ = {isa = PBXBuildFile; fileRef = 5298B69A299113F5003245B0 /* iPhone.swift */; };
		5298B69D29911492003245B0 /* Preference.swift in Sources */ = {isa = PBXBuildFile; fileRef = 5298B69C29911492003245B0 /* Preference.swift */; };
/* End PBXBuildFile section */

/* Begin PBXCopyFilesBuildPhase section */
		5298B6812990EA29003245B0 /* CopyFiles */ = {
			isa = PBXCopyFilesBuildPhase;
			buildActionMask = 2147483647;
			dstPath = /usr/share/man/man1/;
			dstSubfolderSpec = 0;
			files = (
			);
			runOnlyForDeploymentPostprocessing = 1;
		};
/* End PBXCopyFilesBuildPhase section */

/* Begin PBXFileReference section */
		52494BEF299B723C002D3B64 /* AppleWatch.swift */ = {isa = PBXFileReference; lastKnownFileType = sourcecode.swift; path = AppleWatch.swift; sourceTree = "<group>"; };
		52494BF1299B7545002D3B64 /* SmartWatch.swift */ = {isa = PBXFileReference; lastKnownFileType = sourcecode.swift; path = SmartWatch.swift; sourceTree = "<group>"; };
		52494BF3299B7644002D3B64 /* PixelWatch.swift */ = {isa = PBXFileReference; lastKnownFileType = sourcecode.swift; path = PixelWatch.swift; sourceTree = "<group>"; };
		52494BF5299B7653002D3B64 /* GooglePixel.swift */ = {isa = PBXFileReference; lastKnownFileType = sourcecode.swift; path = GooglePixel.swift; sourceTree = "<group>"; };
		52494BF7299B769E002D3B64 /* GoogleFactory.swift */ = {isa = PBXFileReference; lastKnownFileType = sourcecode.swift; path = GoogleFactory.swift; sourceTree = "<group>"; };
		52494BF9299B956B002D3B64 /* AbstractFactoryClient.swift */ = {isa = PBXFileReference; lastKnownFileType = sourcecode.swift; path = AbstractFactoryClient.swift; sourceTree = "<group>"; };
		5298B6832990EA29003245B0 /* DesignPatterns */ = {isa = PBXFileReference; explicitFileType = "compiled.mach-o.executable"; includeInIndex = 0; path = DesignPatterns; sourceTree = BUILT_PRODUCTS_DIR; };
		5298B6862990EA29003245B0 /* main.swift */ = {isa = PBXFileReference; lastKnownFileType = sourcecode.swift; path = main.swift; sourceTree = "<group>"; };
		5298B694299112F2003245B0 /* ElectronicGadgetFactory.swift */ = {isa = PBXFileReference; lastKnownFileType = sourcecode.swift; path = ElectronicGadgetFactory.swift; sourceTree = "<group>"; };
		5298B69629911379003245B0 /* AppleFactory.swift */ = {isa = PBXFileReference; lastKnownFileType = sourcecode.swift; path = AppleFactory.swift; sourceTree = "<group>"; };
		5298B698299113AB003245B0 /* Phone.swift */ = {isa = PBXFileReference; lastKnownFileType = sourcecode.swift; path = Phone.swift; sourceTree = "<group>"; };
		5298B69A299113F5003245B0 /* iPhone.swift */ = {isa = PBXFileReference; lastKnownFileType = sourcecode.swift; path = iPhone.swift; sourceTree = "<group>"; };
		5298B69C29911492003245B0 /* Preference.swift */ = {isa = PBXFileReference; lastKnownFileType = sourcecode.swift; path = Preference.swift; sourceTree = "<group>"; };
/* End PBXFileReference section */

/* Begin PBXFrameworksBuildPhase section */
		5298B6802990EA29003245B0 /* Frameworks */ = {
			isa = PBXFrameworksBuildPhase;
			buildActionMask = 2147483647;
			files = (
			);
			runOnlyForDeploymentPostprocessing = 0;
		};
/* End PBXFrameworksBuildPhase section */

/* Begin PBXGroup section */
		5298B67A2990EA29003245B0 = {
			isa = PBXGroup;
			children = (
				5298B6852990EA29003245B0 /* DesignPatterns */,
				5298B6842990EA29003245B0 /* Products */,
			);
			sourceTree = "<group>";
		};
		5298B6842990EA29003245B0 /* Products */ = {
			isa = PBXGroup;
			children = (
				5298B6832990EA29003245B0 /* DesignPatterns */,
			);
			name = Products;
			sourceTree = "<group>";
		};
		5298B6852990EA29003245B0 /* DesignPatterns */ = {
			isa = PBXGroup;
			children = (
				5298B68F29910E90003245B0 /* Creational */,
				5298B68D2990EA41003245B0 /* Memento */,
				5298B6862990EA29003245B0 /* main.swift */,
			);
			path = DesignPatterns;
			sourceTree = "<group>";
		};
		5298B68D2990EA41003245B0 /* Memento */ = {
			isa = PBXGroup;
			children = (
			);
			path = Memento;
			sourceTree = "<group>";
		};
		5298B68E29910E82003245B0 /* Abstract Factory */ = {
			isa = PBXGroup;
			children = (
				5298B694299112F2003245B0 /* ElectronicGadgetFactory.swift */,
				5298B69629911379003245B0 /* AppleFactory.swift */,
				52494BF7299B769E002D3B64 /* GoogleFactory.swift */,
				5298B698299113AB003245B0 /* Phone.swift */,
				5298B69A299113F5003245B0 /* iPhone.swift */,
				5298B69C29911492003245B0 /* Preference.swift */,
				52494BEF299B723C002D3B64 /* AppleWatch.swift */,
				52494BF1299B7545002D3B64 /* SmartWatch.swift */,
				52494BF3299B7644002D3B64 /* PixelWatch.swift */,
				52494BF5299B7653002D3B64 /* GooglePixel.swift */,
				52494BF9299B956B002D3B64 /* AbstractFactoryClient.swift */,
			);
			path = "Abstract Factory";
			sourceTree = "<group>";
		};
		5298B68F29910E90003245B0 /* Creational */ = {
			isa = PBXGroup;
			children = (
				5298B68E29910E82003245B0 /* Abstract Factory */,
			);
			path = Creational;
			sourceTree = "<group>";
		};
/* End PBXGroup section */

/* Begin PBXNativeTarget section */
		5298B6822990EA29003245B0 /* DesignPatterns */ = {
			isa = PBXNativeTarget;
			buildConfigurationList = 5298B68A2990EA29003245B0 /* Build configuration list for PBXNativeTarget "DesignPatterns" */;
			buildPhases = (
				5298B67F2990EA29003245B0 /* Sources */,
				5298B6802990EA29003245B0 /* Frameworks */,
				5298B6812990EA29003245B0 /* CopyFiles */,
			);
			buildRules = (
			);
			dependencies = (
			);
			name = DesignPatterns;
			productName = DesignPatterns;
			productReference = 5298B6832990EA29003245B0 /* DesignPatterns */;
			productType = "com.apple.product-type.tool";
		};
/* End PBXNativeTarget section */

/* Begin PBXProject section */
		5298B67B2990EA29003245B0 /* Project object */ = {
			isa = PBXProject;
			attributes = {
				BuildIndependentTargetsInParallel = 1;
				LastSwiftUpdateCheck = 1420;
				LastUpgradeCheck = 1420;
				TargetAttributes = {
					5298B6822990EA29003245B0 = {
						CreatedOnToolsVersion = 14.2;
					};
				};
			};
			buildConfigurationList = 5298B67E2990EA29003245B0 /* Build configuration list for PBXProject "DesignPatterns" */;
			compatibilityVersion = "Xcode 14.0";
			developmentRegion = en;
			hasScannedForEncodings = 0;
			knownRegions = (
				en,
				Base,
			);
			mainGroup = 5298B67A2990EA29003245B0;
			productRefGroup = 5298B6842990EA29003245B0 /* Products */;
			projectDirPath = "";
			projectRoot = "";
			targets = (
				5298B6822990EA29003245B0 /* DesignPatterns */,
			);
		};
/* End PBXProject section */

/* Begin PBXSourcesBuildPhase section */
		5298B67F2990EA29003245B0 /* Sources */ = {
			isa = PBXSourcesBuildPhase;
			buildActionMask = 2147483647;
			files = (
				5298B699299113AB003245B0 /* Phone.swift in Sources */,
				52494BFA299B956B002D3B64 /* AbstractFactoryClient.swift in Sources */,
				52494BF2299B7545002D3B64 /* SmartWatch.swift in Sources */,
				5298B69729911379003245B0 /* AppleFactory.swift in Sources */,
				52494BF6299B7653002D3B64 /* GooglePixel.swift in Sources */,
				5298B69B299113F5003245B0 /* iPhone.swift in Sources */,
				5298B6872990EA29003245B0 /* main.swift in Sources */,
				52494BF4299B7644002D3B64 /* PixelWatch.swift in Sources */,
				5298B69D29911492003245B0 /* Preference.swift in Sources */,
				52494BF8299B769E002D3B64 /* GoogleFactory.swift in Sources */,
				5298B695299112F2003245B0 /* ElectronicGadgetFactory.swift in Sources */,
				52494BF0299B723C002D3B64 /* AppleWatch.swift in Sources */,
			);
			runOnlyForDeploymentPostprocessing = 0;
		};
/* End PBXSourcesBuildPhase section */

/* Begin XCBuildConfiguration section */
		5298B6882990EA29003245B0 /* Debug */ = {
			isa = XCBuildConfiguration;
			buildSettings = {
				ALWAYS_SEARCH_USER_PATHS = NO;
				CLANG_ANALYZER_NONNULL = YES;
				CLANG_ANALYZER_NUMBER_OBJECT_CONVERSION = YES_AGGRESSIVE;
				CLANG_CXX_LANGUAGE_STANDARD = "gnu++20";
				CLANG_ENABLE_MODULES = YES;
				CLANG_ENABLE_OBJC_ARC = YES;
				CLANG_ENABLE_OBJC_WEAK = YES;
				CLANG_WARN_BLOCK_CAPTURE_AUTORELEASING = YES;
				CLANG_WARN_BOOL_CONVERSION = YES;
				CLANG_WARN_COMMA = YES;
				CLANG_WARN_CONSTANT_CONVERSION = YES;
				CLANG_WARN_DEPRECATED_OBJC_IMPLEMENTATIONS = YES;
				CLANG_WARN_DIRECT_OBJC_ISA_USAGE = YES_ERROR;
				CLANG_WARN_DOCUMENTATION_COMMENTS = YES;
				CLANG_WARN_EMPTY_BODY = YES;
				CLANG_WARN_ENUM_CONVERSION = YES;
				CLANG_WARN_INFINITE_RECURSION = YES;
				CLANG_WARN_INT_CONVERSION = YES;
				CLANG_WARN_NON_LITERAL_NULL_CONVERSION = YES;
				CLANG_WARN_OBJC_IMPLICIT_RETAIN_SELF = YES;
				CLANG_WARN_OBJC_LITERAL_CONVERSION = YES;
				CLANG_WARN_OBJC_ROOT_CLASS = YES_ERROR;
				CLANG_WARN_QUOTED_INCLUDE_IN_FRAMEWORK_HEADER = YES;
				CLANG_WARN_RANGE_LOOP_ANALYSIS = YES;
				CLANG_WARN_STRICT_PROTOTYPES = YES;
				CLANG_WARN_SUSPICIOUS_MOVE = YES;
				CLANG_WARN_UNGUARDED_AVAILABILITY = YES_AGGRESSIVE;
				CLANG_WARN_UNREACHABLE_CODE = YES;
				CLANG_WARN__DUPLICATE_METHOD_MATCH = YES;
				COPY_PHASE_STRIP = NO;
				DEBUG_INFORMATION_FORMAT = dwarf;
				ENABLE_STRICT_OBJC_MSGSEND = YES;
				ENABLE_TESTABILITY = YES;
				GCC_C_LANGUAGE_STANDARD = gnu11;
				GCC_DYNAMIC_NO_PIC = NO;
				GCC_NO_COMMON_BLOCKS = YES;
				GCC_OPTIMIZATION_LEVEL = 0;
				GCC_PREPROCESSOR_DEFINITIONS = (
					"DEBUG=1",
					"$(inherited)",
				);
				GCC_WARN_64_TO_32_BIT_CONVERSION = YES;
				GCC_WARN_ABOUT_RETURN_TYPE = YES_ERROR;
				GCC_WARN_UNDECLARED_SELECTOR = YES;
				GCC_WARN_UNINITIALIZED_AUTOS = YES_AGGRESSIVE;
				GCC_WARN_UNUSED_FUNCTION = YES;
				GCC_WARN_UNUSED_VARIABLE = YES;
				MACOSX_DEPLOYMENT_TARGET = 12.6;
				MTL_ENABLE_DEBUG_INFO = INCLUDE_SOURCE;
				MTL_FAST_MATH = YES;
				ONLY_ACTIVE_ARCH = YES;
				SDKROOT = macosx;
				SWIFT_ACTIVE_COMPILATION_CONDITIONS = DEBUG;
				SWIFT_OPTIMIZATION_LEVEL = "-Onone";
			};
			name = Debug;
		};
		5298B6892990EA29003245B0 /* Release */ = {
			isa = XCBuildConfiguration;
			buildSettings = {
				ALWAYS_SEARCH_USER_PATHS = NO;
				CLANG_ANALYZER_NONNULL = YES;
				CLANG_ANALYZER_NUMBER_OBJECT_CONVERSION = YES_AGGRESSIVE;
				CLANG_CXX_LANGUAGE_STANDARD = "gnu++20";
				CLANG_ENABLE_MODULES = YES;
				CLANG_ENABLE_OBJC_ARC = YES;
				CLANG_ENABLE_OBJC_WEAK = YES;
				CLANG_WARN_BLOCK_CAPTURE_AUTORELEASING = YES;
				CLANG_WARN_BOOL_CONVERSION = YES;
				CLANG_WARN_COMMA = YES;
				CLANG_WARN_CONSTANT_CONVERSION = YES;
				CLANG_WARN_DEPRECATED_OBJC_IMPLEMENTATIONS = YES;
				CLANG_WARN_DIRECT_OBJC_ISA_USAGE = YES_ERROR;
				CLANG_WARN_DOCUMENTATION_COMMENTS = YES;
				CLANG_WARN_EMPTY_BODY = YES;
				CLANG_WARN_ENUM_CONVERSION = YES;
				CLANG_WARN_INFINITE_RECURSION = YES;
				CLANG_WARN_INT_CONVERSION = YES;
				CLANG_WARN_NON_LITERAL_NULL_CONVERSION = YES;
				CLANG_WARN_OBJC_IMPLICIT_RETAIN_SELF = YES;
				CLANG_WARN_OBJC_LITERAL_CONVERSION = YES;
				CLANG_WARN_OBJC_ROOT_CLASS = YES_ERROR;
				CLANG_WARN_QUOTED_INCLUDE_IN_FRAMEWORK_HEADER = YES;
				CLANG_WARN_RANGE_LOOP_ANALYSIS = YES;
				CLANG_WARN_STRICT_PROTOTYPES = YES;
				CLANG_WARN_SUSPICIOUS_MOVE = YES;
				CLANG_WARN_UNGUARDED_AVAILABILITY = YES_AGGRESSIVE;
				CLANG_WARN_UNREACHABLE_CODE = YES;
				CLANG_WARN__DUPLICATE_METHOD_MATCH = YES;
				COPY_PHASE_STRIP = NO;
				DEBUG_INFORMATION_FORMAT = "dwarf-with-dsym";
				ENABLE_NS_ASSERTIONS = NO;
				ENABLE_STRICT_OBJC_MSGSEND = YES;
				GCC_C_LANGUAGE_STANDARD = gnu11;
				GCC_NO_COMMON_BLOCKS = YES;
				GCC_WARN_64_TO_32_BIT_CONVERSION = YES;
				GCC_WARN_ABOUT_RETURN_TYPE = YES_ERROR;
				GCC_WARN_UNDECLARED_SELECTOR = YES;
				GCC_WARN_UNINITIALIZED_AUTOS = YES_AGGRESSIVE;
				GCC_WARN_UNUSED_FUNCTION = YES;
				GCC_WARN_UNUSED_VARIABLE = YES;
				MACOSX_DEPLOYMENT_TARGET = 12.6;
				MTL_ENABLE_DEBUG_INFO = NO;
				MTL_FAST_MATH = YES;
				SDKROOT = macosx;
				SWIFT_COMPILATION_MODE = wholemodule;
				SWIFT_OPTIMIZATION_LEVEL = "-O";
			};
			name = Release;
		};
		5298B68B2990EA29003245B0 /* Debug */ = {
			isa = XCBuildConfiguration;
			buildSettings = {
				CODE_SIGN_STYLE = Automatic;
				PRODUCT_NAME = "$(TARGET_NAME)";
				SWIFT_VERSION = 5.0;
			};
			name = Debug;
		};
		5298B68C2990EA29003245B0 /* Release */ = {
			isa = XCBuildConfiguration;
			buildSettings = {
				CODE_SIGN_STYLE = Automatic;
				PRODUCT_NAME = "$(TARGET_NAME)";
				SWIFT_VERSION = 5.0;
			};
			name = Release;
		};
/* End XCBuildConfiguration section */

/* Begin XCConfigurationList section */
		5298B67E2990EA29003245B0 /* Build configuration list for PBXProject "DesignPatterns" */ = {
			isa = XCConfigurationList;
			buildConfigurations = (
				5298B6882990EA29003245B0 /* Debug */,
				5298B6892990EA29003245B0 /* Release */,
			);
			defaultConfigurationIsVisible = 0;
			defaultConfigurationName = Release;
		};
		5298B68A2990EA29003245B0 /* Build configuration list for PBXNativeTarget "DesignPatterns" */ = {
			isa = XCConfigurationList;
			buildConfigurations = (
				5298B68B2990EA29003245B0 /* Debug */,
				5298B68C2990EA29003245B0 /* Release */,
			);
			defaultConfigurationIsVisible = 0;
			defaultConfigurationName = Release;
		};
/* End XCConfigurationList section */
	};
	rootObject = 5298B67B2990EA29003245B0 /* Project object */;
}
